
Microsoft Visual Studio Solution File, Format Version 12.00
# Visual Studio Version 16
VisualStudioVersion = 16.0.30611.23
MinimumVisualStudioVersion = 10.0.40219.1
Project("{FAE04EC0-301F-11D3-BF4B-00C04F79EFBC}") = "Leave-Management", "Leave-Management\Leave-Management.csproj", "{EC19A77C-7BDA-4C38-A8A9-49615967E1B5}"
EndProject
Global
	GlobalSection(SolutionConfigurationPlatforms) = preSolution
		Debug|Any CPU = Debug|Any CPU
		Release|Any CPU = Release|Any CPU
	EndGlobalSection
	GlobalSection(ProjectConfigurationPlatforms) = postSolution
		{EC19A77C-7BDA-4C38-A8A9-49615967E1B5}.Debug|Any CPU.ActiveCfg = Debug|Any CPU
		{EC19A77C-7BDA-4C38-A8A9-49615967E1B5}.Debug|Any CPU.Build.0 = Debug|Any CPU
		{EC19A77C-7BDA-4C38-A8A9-49615967E1B5}.Release|Any CPU.ActiveCfg = Release|Any CPU
		{EC19A77C-7BDA-4C38-A8A9-49615967E1B5}.Release|Any CPU.Build.0 = Release|Any CPU
	EndGlobalSection
	GlobalSection(SolutionProperties) = preSolution
		HideSolutionNode = FALSE
	EndGlobalSection
	GlobalSection(ExtensibilityGlobals) = postSolution
		SolutionGuid = {1237C21F-3300-472F-B2F7-A484CA5384CD}
	EndGlobalSection
EndGlobal
